// !$*UTF8*$!
{
	archiveVersion = 1;
	classes = {
	};
	objectVersion = 56;
	objects = {

/* Begin PBXBuildFile section */
		3780BB702C6C205100BA683C /* D5App.swift in Sources */ = {isa = PBXBuildFile; fileRef = 3780BB6F2C6C205100BA683C /* D5App.swift */; };
		3780BB722C6C205100BA683C /* ContentView.swift in Sources */ = {isa = PBXBuildFile; fileRef = 3780BB712C6C205100BA683C /* ContentView.swift */; };
		3780BB742C6C205200BA683C /* Assets.xcassets in Resources */ = {isa = PBXBuildFile; fileRef = 3780BB732C6C205200BA683C /* Assets.xcassets */; };
		3780BB782C6C205200BA683C /* Preview Assets.xcassets in Resources */ = {isa = PBXBuildFile; fileRef = 3780BB772C6C205200BA683C /* Preview Assets.xcassets */; };
		3780BB822C6C205300BA683C /* D5Tests.swift in Sources */ = {isa = PBXBuildFile; fileRef = 3780BB812C6C205300BA683C /* D5Tests.swift */; };
		3780BB8C2C6C205300BA683C /* D5UITests.swift in Sources */ = {isa = PBXBuildFile; fileRef = 3780BB8B2C6C205300BA683C /* D5UITests.swift */; };
		3780BB8E2C6C205300BA683C /* D5UITestsLaunchTests.swift in Sources */ = {isa = PBXBuildFile; fileRef = 3780BB8D2C6C205300BA683C /* D5UITestsLaunchTests.swift */; };
		3780BB9F2C6C20FE00BA683C /* Workout.swift in Sources */ = {isa = PBXBuildFile; fileRef = 3780BB9E2C6C20FE00BA683C /* Workout.swift */; };
		3780BBA12C6C229100BA683C /* Exercise.swift in Sources */ = {isa = PBXBuildFile; fileRef = 3780BBA02C6C229100BA683C /* Exercise.swift */; };
		3780BBA32C6C22A100BA683C /* History.swift in Sources */ = {isa = PBXBuildFile; fileRef = 3780BBA22C6C22A100BA683C /* History.swift */; };
		3780BBA52C6C3C6D00BA683C /* UIColor+Extension.swift in Sources */ = {isa = PBXBuildFile; fileRef = 3780BBA42C6C3C6D00BA683C /* UIColor+Extension.swift */; };
		3780BBA72C6C3CA300BA683C /* Color+Extensions.swift in Sources */ = {isa = PBXBuildFile; fileRef = 3780BBA62C6C3CA300BA683C /* Color+Extensions.swift */; };
		3780BBAA2C6C3EF600BA683C /* WorkoutsListView.swift in Sources */ = {isa = PBXBuildFile; fileRef = 3780BBA92C6C3EF600BA683C /* WorkoutsListView.swift */; };
		3780BBAF2C6EDDBE00BA683C /* HapticsManager.swift in Sources */ = {isa = PBXBuildFile; fileRef = 3780BBAE2C6EDDBE00BA683C /* HapticsManager.swift */; };
		3780BBB12C6EE3B000BA683C /* WorkoutListHeaderView.swift in Sources */ = {isa = PBXBuildFile; fileRef = 3780BBB02C6EE3B000BA683C /* WorkoutListHeaderView.swift */; };
		3780BBB32C6EE40400BA683C /* MenuButtonView.swift in Sources */ = {isa = PBXBuildFile; fileRef = 3780BBB22C6EE40400BA683C /* MenuButtonView.swift */; };
		3780BBB52C6EE57200BA683C /* EllipsisView.swift in Sources */ = {isa = PBXBuildFile; fileRef = 3780BBB42C6EE57200BA683C /* EllipsisView.swift */; };
		3780BBB72C6EF39D00BA683C /* WorkoutCardView.swift in Sources */ = {isa = PBXBuildFile; fileRef = 3780BBB62C6EF39D00BA683C /* WorkoutCardView.swift */; };
/* End PBXBuildFile section */

/* Begin PBXContainerItemProxy section */
		3780BB7E2C6C205300BA683C /* PBXContainerItemProxy */ = {
			isa = PBXContainerItemProxy;
			containerPortal = 3780BB642C6C205100BA683C /* Project object */;
			proxyType = 1;
			remoteGlobalIDString = 3780BB6B2C6C205100BA683C;
			remoteInfo = D5;
		};
		3780BB882C6C205300BA683C /* PBXContainerItemProxy */ = {
			isa = PBXContainerItemProxy;
			containerPortal = 3780BB642C6C205100BA683C /* Project object */;
			proxyType = 1;
			remoteGlobalIDString = 3780BB6B2C6C205100BA683C;
			remoteInfo = D5;
		};
/* End PBXContainerItemProxy section */

/* Begin PBXFileReference section */
		3780BB6C2C6C205100BA683C /* D5.app */ = {isa = PBXFileReference; explicitFileType = wrapper.application; includeInIndex = 0; path = D5.app; sourceTree = BUILT_PRODUCTS_DIR; };
		3780BB6F2C6C205100BA683C /* D5App.swift */ = {isa = PBXFileReference; lastKnownFileType = sourcecode.swift; path = D5App.swift; sourceTree = "<group>"; };
		3780BB712C6C205100BA683C /* ContentView.swift */ = {isa = PBXFileReference; lastKnownFileType = sourcecode.swift; path = ContentView.swift; sourceTree = "<group>"; };
		3780BB732C6C205200BA683C /* Assets.xcassets */ = {isa = PBXFileReference; lastKnownFileType = folder.assetcatalog; path = Assets.xcassets; sourceTree = "<group>"; };
		3780BB752C6C205200BA683C /* D5.entitlements */ = {isa = PBXFileReference; lastKnownFileType = text.plist.entitlements; path = D5.entitlements; sourceTree = "<group>"; };
		3780BB772C6C205200BA683C /* Preview Assets.xcassets */ = {isa = PBXFileReference; lastKnownFileType = folder.assetcatalog; path = "Preview Assets.xcassets"; sourceTree = "<group>"; };
		3780BB7D2C6C205300BA683C /* D5Tests.xctest */ = {isa = PBXFileReference; explicitFileType = wrapper.cfbundle; includeInIndex = 0; path = D5Tests.xctest; sourceTree = BUILT_PRODUCTS_DIR; };
		3780BB812C6C205300BA683C /* D5Tests.swift */ = {isa = PBXFileReference; lastKnownFileType = sourcecode.swift; path = D5Tests.swift; sourceTree = "<group>"; };
		3780BB872C6C205300BA683C /* D5UITests.xctest */ = {isa = PBXFileReference; explicitFileType = wrapper.cfbundle; includeInIndex = 0; path = D5UITests.xctest; sourceTree = BUILT_PRODUCTS_DIR; };
		3780BB8B2C6C205300BA683C /* D5UITests.swift */ = {isa = PBXFileReference; lastKnownFileType = sourcecode.swift; path = D5UITests.swift; sourceTree = "<group>"; };
		3780BB8D2C6C205300BA683C /* D5UITestsLaunchTests.swift */ = {isa = PBXFileReference; lastKnownFileType = sourcecode.swift; path = D5UITestsLaunchTests.swift; sourceTree = "<group>"; };
		3780BB9E2C6C20FE00BA683C /* Workout.swift */ = {isa = PBXFileReference; lastKnownFileType = sourcecode.swift; path = Workout.swift; sourceTree = "<group>"; };
		3780BBA02C6C229100BA683C /* Exercise.swift */ = {isa = PBXFileReference; lastKnownFileType = sourcecode.swift; path = Exercise.swift; sourceTree = "<group>"; };
		3780BBA22C6C22A100BA683C /* History.swift */ = {isa = PBXFileReference; lastKnownFileType = sourcecode.swift; path = History.swift; sourceTree = "<group>"; };
		3780BBA42C6C3C6D00BA683C /* UIColor+Extension.swift */ = {isa = PBXFileReference; lastKnownFileType = sourcecode.swift; path = "UIColor+Extension.swift"; sourceTree = "<group>"; };
		3780BBA62C6C3CA300BA683C /* Color+Extensions.swift */ = {isa = PBXFileReference; lastKnownFileType = sourcecode.swift; path = "Color+Extensions.swift"; sourceTree = "<group>"; };
		3780BBA92C6C3EF600BA683C /* WorkoutsListView.swift */ = {isa = PBXFileReference; lastKnownFileType = sourcecode.swift; path = WorkoutsListView.swift; sourceTree = "<group>"; };
		3780BBAE2C6EDDBE00BA683C /* HapticsManager.swift */ = {isa = PBXFileReference; lastKnownFileType = sourcecode.swift; path = HapticsManager.swift; sourceTree = "<group>"; };
		3780BBB02C6EE3B000BA683C /* WorkoutListHeaderView.swift */ = {isa = PBXFileReference; lastKnownFileType = sourcecode.swift; path = WorkoutListHeaderView.swift; sourceTree = "<group>"; };
		3780BBB22C6EE40400BA683C /* MenuButtonView.swift */ = {isa = PBXFileReference; lastKnownFileType = sourcecode.swift; path = MenuButtonView.swift; sourceTree = "<group>"; };
		3780BBB42C6EE57200BA683C /* EllipsisView.swift */ = {isa = PBXFileReference; lastKnownFileType = sourcecode.swift; path = EllipsisView.swift; sourceTree = "<group>"; };
		3780BBB62C6EF39D00BA683C /* WorkoutCardView.swift */ = {isa = PBXFileReference; lastKnownFileType = sourcecode.swift; path = WorkoutCardView.swift; sourceTree = "<group>"; };
/* End PBXFileReference section */

/* Begin PBXFrameworksBuildPhase section */
		3780BB692C6C205100BA683C /* Frameworks */ = {
			isa = PBXFrameworksBuildPhase;
			buildActionMask = 2147483647;
			files = (
			);
			runOnlyForDeploymentPostprocessing = 0;
		};
		3780BB7A2C6C205300BA683C /* Frameworks */ = {
			isa = PBXFrameworksBuildPhase;
			buildActionMask = 2147483647;
			files = (
			);
			runOnlyForDeploymentPostprocessing = 0;
		};
		3780BB842C6C205300BA683C /* Frameworks */ = {
			isa = PBXFrameworksBuildPhase;
			buildActionMask = 2147483647;
			files = (
			);
			runOnlyForDeploymentPostprocessing = 0;
		};
/* End PBXFrameworksBuildPhase section */

/* Begin PBXGroup section */
		3780BB632C6C205100BA683C = {
			isa = PBXGroup;
			children = (
				3780BB6E2C6C205100BA683C /* D5 */,
				3780BB802C6C205300BA683C /* D5Tests */,
				3780BB8A2C6C205300BA683C /* D5UITests */,
				3780BB6D2C6C205100BA683C /* Products */,
			);
			sourceTree = "<group>";
		};
		3780BB6D2C6C205100BA683C /* Products */ = {
			isa = PBXGroup;
			children = (
				3780BB6C2C6C205100BA683C /* D5.app */,
				3780BB7D2C6C205300BA683C /* D5Tests.xctest */,
				3780BB872C6C205300BA683C /* D5UITests.xctest */,
			);
			name = Products;
			sourceTree = "<group>";
		};
		3780BB6E2C6C205100BA683C /* D5 */ = {
			isa = PBXGroup;
			children = (
				3780BBAD2C6EDD8B00BA683C /* Support */,
				3780BBA82C6C3CFF00BA683C /* Theme */,
				3780BB6F2C6C205100BA683C /* D5App.swift */,
				3780BB9B2C6C20A100BA683C /* Models */,
				3780BB9A2C6C209300BA683C /* Views */,
				3780BB732C6C205200BA683C /* Assets.xcassets */,
				3780BB752C6C205200BA683C /* D5.entitlements */,
				3780BB762C6C205200BA683C /* Preview Content */,
			);
			path = D5;
			sourceTree = "<group>";
		};
		3780BB762C6C205200BA683C /* Preview Content */ = {
			isa = PBXGroup;
			children = (
				3780BB772C6C205200BA683C /* Preview Assets.xcassets */,
			);
			path = "Preview Content";
			sourceTree = "<group>";
		};
		3780BB802C6C205300BA683C /* D5Tests */ = {
			isa = PBXGroup;
			children = (
				3780BB812C6C205300BA683C /* D5Tests.swift */,
			);
			path = D5Tests;
			sourceTree = "<group>";
		};
		3780BB8A2C6C205300BA683C /* D5UITests */ = {
			isa = PBXGroup;
			children = (
				3780BB8B2C6C205300BA683C /* D5UITests.swift */,
				3780BB8D2C6C205300BA683C /* D5UITestsLaunchTests.swift */,
			);
			path = D5UITests;
			sourceTree = "<group>";
		};
		3780BB9A2C6C209300BA683C /* Views */ = {
			isa = PBXGroup;
			children = (
				3780BB712C6C205100BA683C /* ContentView.swift */,
				3780BBA92C6C3EF600BA683C /* WorkoutsListView.swift */,
				3780BBB02C6EE3B000BA683C /* WorkoutListHeaderView.swift */,
				3780BBB22C6EE40400BA683C /* MenuButtonView.swift */,
				3780BBB42C6EE57200BA683C /* EllipsisView.swift */,
				3780BBB62C6EF39D00BA683C /* WorkoutCardView.swift */,
			);
			path = Views;
			sourceTree = "<group>";
		};
		3780BB9B2C6C20A100BA683C /* Models */ = {
			isa = PBXGroup;
			children = (
				3780BB9E2C6C20FE00BA683C /* Workout.swift */,
				3780BBA02C6C229100BA683C /* Exercise.swift */,
				3780BBA22C6C22A100BA683C /* History.swift */,
			);
			path = Models;
			sourceTree = "<group>";
		};
		3780BBA82C6C3CFF00BA683C /* Theme */ = {
			isa = PBXGroup;
			children = (
				3780BBA42C6C3C6D00BA683C /* UIColor+Extension.swift */,
				3780BBA62C6C3CA300BA683C /* Color+Extensions.swift */,
			);
			path = Theme;
			sourceTree = "<group>";
		};
		3780BBAD2C6EDD8B00BA683C /* Support */ = {
			isa = PBXGroup;
			children = (
				3780BBAE2C6EDDBE00BA683C /* HapticsManager.swift */,
			);
			path = Support;
			sourceTree = "<group>";
		};
/* End PBXGroup section */

/* Begin PBXNativeTarget section */
		3780BB6B2C6C205100BA683C /* D5 */ = {
			isa = PBXNativeTarget;
			buildConfigurationList = 3780BB912C6C205300BA683C /* Build configuration list for PBXNativeTarget "D5" */;
			buildPhases = (
				3780BB682C6C205100BA683C /* Sources */,
				3780BB692C6C205100BA683C /* Frameworks */,
				3780BB6A2C6C205100BA683C /* Resources */,
			);
			buildRules = (
			);
			dependencies = (
			);
			name = D5;
			productName = D5;
			productReference = 3780BB6C2C6C205100BA683C /* D5.app */;
			productType = "com.apple.product-type.application";
		};
		3780BB7C2C6C205300BA683C /* D5Tests */ = {
			isa = PBXNativeTarget;
			buildConfigurationList = 3780BB942C6C205300BA683C /* Build configuration list for PBXNativeTarget "D5Tests" */;
			buildPhases = (
				3780BB792C6C205300BA683C /* Sources */,
				3780BB7A2C6C205300BA683C /* Frameworks */,
				3780BB7B2C6C205300BA683C /* Resources */,
			);
			buildRules = (
			);
			dependencies = (
				3780BB7F2C6C205300BA683C /* PBXTargetDependency */,
			);
			name = D5Tests;
			productName = D5Tests;
			productReference = 3780BB7D2C6C205300BA683C /* D5Tests.xctest */;
			productType = "com.apple.product-type.bundle.unit-test";
		};
		3780BB862C6C205300BA683C /* D5UITests */ = {
			isa = PBXNativeTarget;
			buildConfigurationList = 3780BB972C6C205300BA683C /* Build configuration list for PBXNativeTarget "D5UITests" */;
			buildPhases = (
				3780BB832C6C205300BA683C /* Sources */,
				3780BB842C6C205300BA683C /* Frameworks */,
				3780BB852C6C205300BA683C /* Resources */,
			);
			buildRules = (
			);
			dependencies = (
				3780BB892C6C205300BA683C /* PBXTargetDependency */,
			);
			name = D5UITests;
			productName = D5UITests;
			productReference = 3780BB872C6C205300BA683C /* D5UITests.xctest */;
			productType = "com.apple.product-type.bundle.ui-testing";
		};
/* End PBXNativeTarget section */

/* Begin PBXProject section */
		3780BB642C6C205100BA683C /* Project object */ = {
			isa = PBXProject;
			attributes = {
				BuildIndependentTargetsInParallel = 1;
				LastSwiftUpdateCheck = 1540;
				LastUpgradeCheck = 1540;
				TargetAttributes = {
					3780BB6B2C6C205100BA683C = {
						CreatedOnToolsVersion = 15.4;
					};
					3780BB7C2C6C205300BA683C = {
						CreatedOnToolsVersion = 15.4;
						TestTargetID = 3780BB6B2C6C205100BA683C;
					};
					3780BB862C6C205300BA683C = {
						CreatedOnToolsVersion = 15.4;
						TestTargetID = 3780BB6B2C6C205100BA683C;
					};
				};
			};
			buildConfigurationList = 3780BB672C6C205100BA683C /* Build configuration list for PBXProject "D5" */;
			compatibilityVersion = "Xcode 14.0";
			developmentRegion = en;
			hasScannedForEncodings = 0;
			knownRegions = (
				en,
				Base,
			);
			mainGroup = 3780BB632C6C205100BA683C;
			productRefGroup = 3780BB6D2C6C205100BA683C /* Products */;
			projectDirPath = "";
			projectRoot = "";
			targets = (
				3780BB6B2C6C205100BA683C /* D5 */,
				3780BB7C2C6C205300BA683C /* D5Tests */,
				3780BB862C6C205300BA683C /* D5UITests */,
			);
		};
/* End PBXProject section */

/* Begin PBXResourcesBuildPhase section */
		3780BB6A2C6C205100BA683C /* Resources */ = {
			isa = PBXResourcesBuildPhase;
			buildActionMask = 2147483647;
			files = (
				3780BB782C6C205200BA683C /* Preview Assets.xcassets in Resources */,
				3780BB742C6C205200BA683C /* Assets.xcassets in Resources */,
			);
			runOnlyForDeploymentPostprocessing = 0;
		};
		3780BB7B2C6C205300BA683C /* Resources */ = {
			isa = PBXResourcesBuildPhase;
			buildActionMask = 2147483647;
			files = (
			);
			runOnlyForDeploymentPostprocessing = 0;
		};
		3780BB852C6C205300BA683C /* Resources */ = {
			isa = PBXResourcesBuildPhase;
			buildActionMask = 2147483647;
			files = (
			);
			runOnlyForDeploymentPostprocessing = 0;
		};
/* End PBXResourcesBuildPhase section */

/* Begin PBXSourcesBuildPhase section */
		3780BB682C6C205100BA683C /* Sources */ = {
			isa = PBXSourcesBuildPhase;
			buildActionMask = 2147483647;
			files = (
				3780BBA32C6C22A100BA683C /* History.swift in Sources */,
				3780BBA12C6C229100BA683C /* Exercise.swift in Sources */,
				3780BB722C6C205100BA683C /* ContentView.swift in Sources */,
				3780BBB72C6EF39D00BA683C /* WorkoutCardView.swift in Sources */,
				3780BBB32C6EE40400BA683C /* MenuButtonView.swift in Sources */,
				3780BBB12C6EE3B000BA683C /* WorkoutListHeaderView.swift in Sources */,
				3780BBA52C6C3C6D00BA683C /* UIColor+Extension.swift in Sources */,
				3780BBB52C6EE57200BA683C /* EllipsisView.swift in Sources */,
				3780BBA72C6C3CA300BA683C /* Color+Extensions.swift in Sources */,
				3780BB702C6C205100BA683C /* D5App.swift in Sources */,
				3780BBAA2C6C3EF600BA683C /* WorkoutsListView.swift in Sources */,
				3780BBAF2C6EDDBE00BA683C /* HapticsManager.swift in Sources */,
				3780BB9F2C6C20FE00BA683C /* Workout.swift in Sources */,
			);
			runOnlyForDeploymentPostprocessing = 0;
		};
		3780BB792C6C205300BA683C /* Sources */ = {
			isa = PBXSourcesBuildPhase;
			buildActionMask = 2147483647;
			files = (
				3780BB822C6C205300BA683C /* D5Tests.swift in Sources */,
			);
			runOnlyForDeploymentPostprocessing = 0;
		};
		3780BB832C6C205300BA683C /* Sources */ = {
			isa = PBXSourcesBuildPhase;
			buildActionMask = 2147483647;
			files = (
				3780BB8C2C6C205300BA683C /* D5UITests.swift in Sources */,
				3780BB8E2C6C205300BA683C /* D5UITestsLaunchTests.swift in Sources */,
			);
			runOnlyForDeploymentPostprocessing = 0;
		};
/* End PBXSourcesBuildPhase section */

/* Begin PBXTargetDependency section */
		3780BB7F2C6C205300BA683C /* PBXTargetDependency */ = {
			isa = PBXTargetDependency;
			target = 3780BB6B2C6C205100BA683C /* D5 */;
			targetProxy = 3780BB7E2C6C205300BA683C /* PBXContainerItemProxy */;
		};
		3780BB892C6C205300BA683C /* PBXTargetDependency */ = {
			isa = PBXTargetDependency;
			target = 3780BB6B2C6C205100BA683C /* D5 */;
			targetProxy = 3780BB882C6C205300BA683C /* PBXContainerItemProxy */;
		};
/* End PBXTargetDependency section */

/* Begin XCBuildConfiguration section */
		3780BB8F2C6C205300BA683C /* Debug */ = {
			isa = XCBuildConfiguration;
			buildSettings = {
				ALWAYS_SEARCH_USER_PATHS = NO;
				ASSETCATALOG_COMPILER_GENERATE_SWIFT_ASSET_SYMBOL_EXTENSIONS = YES;
				CLANG_ANALYZER_NONNULL = YES;
				CLANG_ANALYZER_NUMBER_OBJECT_CONVERSION = YES_AGGRESSIVE;
				CLANG_CXX_LANGUAGE_STANDARD = "gnu++20";
				CLANG_ENABLE_MODULES = YES;
				CLANG_ENABLE_OBJC_ARC = YES;
				CLANG_ENABLE_OBJC_WEAK = YES;
				CLANG_WARN_BLOCK_CAPTURE_AUTORELEASING = YES;
				CLANG_WARN_BOOL_CONVERSION = YES;
				CLANG_WARN_COMMA = YES;
				CLANG_WARN_CONSTANT_CONVERSION = YES;
				CLANG_WARN_DEPRECATED_OBJC_IMPLEMENTATIONS = YES;
				CLANG_WARN_DIRECT_OBJC_ISA_USAGE = YES_ERROR;
				CLANG_WARN_DOCUMENTATION_COMMENTS = YES;
				CLANG_WARN_EMPTY_BODY = YES;
				CLANG_WARN_ENUM_CONVERSION = YES;
				CLANG_WARN_INFINITE_RECURSION = YES;
				CLANG_WARN_INT_CONVERSION = YES;
				CLANG_WARN_NON_LITERAL_NULL_CONVERSION = YES;
				CLANG_WARN_OBJC_IMPLICIT_RETAIN_SELF = YES;
				CLANG_WARN_OBJC_LITERAL_CONVERSION = YES;
				CLANG_WARN_OBJC_ROOT_CLASS = YES_ERROR;
				CLANG_WARN_QUOTED_INCLUDE_IN_FRAMEWORK_HEADER = YES;
				CLANG_WARN_RANGE_LOOP_ANALYSIS = YES;
				CLANG_WARN_STRICT_PROTOTYPES = YES;
				CLANG_WARN_SUSPICIOUS_MOVE = YES;
				CLANG_WARN_UNGUARDED_AVAILABILITY = YES_AGGRESSIVE;
				CLANG_WARN_UNREACHABLE_CODE = YES;
				CLANG_WARN__DUPLICATE_METHOD_MATCH = YES;
				COPY_PHASE_STRIP = NO;
				DEBUG_INFORMATION_FORMAT = dwarf;
				ENABLE_STRICT_OBJC_MSGSEND = YES;
				ENABLE_TESTABILITY = YES;
				ENABLE_USER_SCRIPT_SANDBOXING = YES;
				GCC_C_LANGUAGE_STANDARD = gnu17;
				GCC_DYNAMIC_NO_PIC = NO;
				GCC_NO_COMMON_BLOCKS = YES;
				GCC_OPTIMIZATION_LEVEL = 0;
				GCC_PREPROCESSOR_DEFINITIONS = (
					"DEBUG=1",
					"$(inherited)",
				);
				GCC_WARN_64_TO_32_BIT_CONVERSION = YES;
				GCC_WARN_ABOUT_RETURN_TYPE = YES_ERROR;
				GCC_WARN_UNDECLARED_SELECTOR = YES;
				GCC_WARN_UNINITIALIZED_AUTOS = YES_AGGRESSIVE;
				GCC_WARN_UNUSED_FUNCTION = YES;
				GCC_WARN_UNUSED_VARIABLE = YES;
				LOCALIZATION_PREFERS_STRING_CATALOGS = YES;
				MTL_ENABLE_DEBUG_INFO = INCLUDE_SOURCE;
				MTL_FAST_MATH = YES;
				ONLY_ACTIVE_ARCH = YES;
				SWIFT_ACTIVE_COMPILATION_CONDITIONS = "DEBUG $(inherited)";
				SWIFT_OPTIMIZATION_LEVEL = "-Onone";
			};
			name = Debug;
		};
		3780BB902C6C205300BA683C /* Release */ = {
			isa = XCBuildConfiguration;
			buildSettings = {
				ALWAYS_SEARCH_USER_PATHS = NO;
				ASSETCATALOG_COMPILER_GENERATE_SWIFT_ASSET_SYMBOL_EXTENSIONS = YES;
				CLANG_ANALYZER_NONNULL = YES;
				CLANG_ANALYZER_NUMBER_OBJECT_CONVERSION = YES_AGGRESSIVE;
				CLANG_CXX_LANGUAGE_STANDARD = "gnu++20";
				CLANG_ENABLE_MODULES = YES;
				CLANG_ENABLE_OBJC_ARC = YES;
				CLANG_ENABLE_OBJC_WEAK = YES;
				CLANG_WARN_BLOCK_CAPTURE_AUTORELEASING = YES;
				CLANG_WARN_BOOL_CONVERSION = YES;
				CLANG_WARN_COMMA = YES;
				CLANG_WARN_CONSTANT_CONVERSION = YES;
				CLANG_WARN_DEPRECATED_OBJC_IMPLEMENTATIONS = YES;
				CLANG_WARN_DIRECT_OBJC_ISA_USAGE = YES_ERROR;
				CLANG_WARN_DOCUMENTATION_COMMENTS = YES;
				CLANG_WARN_EMPTY_BODY = YES;
				CLANG_WARN_ENUM_CONVERSION = YES;
				CLANG_WARN_INFINITE_RECURSION = YES;
				CLANG_WARN_INT_CONVERSION = YES;
				CLANG_WARN_NON_LITERAL_NULL_CONVERSION = YES;
				CLANG_WARN_OBJC_IMPLICIT_RETAIN_SELF = YES;
				CLANG_WARN_OBJC_LITERAL_CONVERSION = YES;
				CLANG_WARN_OBJC_ROOT_CLASS = YES_ERROR;
				CLANG_WARN_QUOTED_INCLUDE_IN_FRAMEWORK_HEADER = YES;
				CLANG_WARN_RANGE_LOOP_ANALYSIS = YES;
				CLANG_WARN_STRICT_PROTOTYPES = YES;
				CLANG_WARN_SUSPICIOUS_MOVE = YES;
				CLANG_WARN_UNGUARDED_AVAILABILITY = YES_AGGRESSIVE;
				CLANG_WARN_UNREACHABLE_CODE = YES;
				CLANG_WARN__DUPLICATE_METHOD_MATCH = YES;
				COPY_PHASE_STRIP = NO;
				DEBUG_INFORMATION_FORMAT = "dwarf-with-dsym";
				ENABLE_NS_ASSERTIONS = NO;
				ENABLE_STRICT_OBJC_MSGSEND = YES;
				ENABLE_USER_SCRIPT_SANDBOXING = YES;
				GCC_C_LANGUAGE_STANDARD = gnu17;
				GCC_NO_COMMON_BLOCKS = YES;
				GCC_WARN_64_TO_32_BIT_CONVERSION = YES;
				GCC_WARN_ABOUT_RETURN_TYPE = YES_ERROR;
				GCC_WARN_UNDECLARED_SELECTOR = YES;
				GCC_WARN_UNINITIALIZED_AUTOS = YES_AGGRESSIVE;
				GCC_WARN_UNUSED_FUNCTION = YES;
				GCC_WARN_UNUSED_VARIABLE = YES;
				LOCALIZATION_PREFERS_STRING_CATALOGS = YES;
				MTL_ENABLE_DEBUG_INFO = NO;
				MTL_FAST_MATH = YES;
				SWIFT_COMPILATION_MODE = wholemodule;
			};
			name = Release;
		};
		3780BB922C6C205300BA683C /* Debug */ = {
			isa = XCBuildConfiguration;
			buildSettings = {
				ASSETCATALOG_COMPILER_APPICON_NAME = AppIcon;
				ASSETCATALOG_COMPILER_GLOBAL_ACCENT_COLOR_NAME = AccentColor;
				CODE_SIGN_ENTITLEMENTS = D5/D5.entitlements;
				CODE_SIGN_STYLE = Automatic;
				CURRENT_PROJECT_VERSION = 1;
				DEVELOPMENT_ASSET_PATHS = "\"D5/Preview Content\"";
				DEVELOPMENT_TEAM = 99S33YCFRB;
				ENABLE_HARDENED_RUNTIME = YES;
				ENABLE_PREVIEWS = YES;
				GENERATE_INFOPLIST_FILE = YES;
				"INFOPLIST_KEY_UIApplicationSceneManifest_Generation[sdk=iphoneos*]" = YES;
				"INFOPLIST_KEY_UIApplicationSceneManifest_Generation[sdk=iphonesimulator*]" = YES;
				"INFOPLIST_KEY_UIApplicationSupportsIndirectInputEvents[sdk=iphoneos*]" = YES;
				"INFOPLIST_KEY_UIApplicationSupportsIndirectInputEvents[sdk=iphonesimulator*]" = YES;
				"INFOPLIST_KEY_UILaunchScreen_Generation[sdk=iphoneos*]" = YES;
				"INFOPLIST_KEY_UILaunchScreen_Generation[sdk=iphonesimulator*]" = YES;
				"INFOPLIST_KEY_UIStatusBarStyle[sdk=iphoneos*]" = UIStatusBarStyleDefault;
				"INFOPLIST_KEY_UIStatusBarStyle[sdk=iphonesimulator*]" = UIStatusBarStyleDefault;
				INFOPLIST_KEY_UISupportedInterfaceOrientations_iPad = "UIInterfaceOrientationPortrait UIInterfaceOrientationPortraitUpsideDown UIInterfaceOrientationLandscapeLeft UIInterfaceOrientationLandscapeRight";
				INFOPLIST_KEY_UISupportedInterfaceOrientations_iPhone = "UIInterfaceOrientationPortrait UIInterfaceOrientationLandscapeLeft UIInterfaceOrientationLandscapeRight";
				IPHONEOS_DEPLOYMENT_TARGET = 17.5;
				LD_RUNPATH_SEARCH_PATHS = "@executable_path/Frameworks";
				"LD_RUNPATH_SEARCH_PATHS[sdk=macosx*]" = "@executable_path/../Frameworks";
				MACOSX_DEPLOYMENT_TARGET = 14.5;
				MARKETING_VERSION = 1.0;
				PRODUCT_BUNDLE_IDENTIFIER = com.tnt.D5;
				PRODUCT_NAME = "$(TARGET_NAME)";
				SDKROOT = auto;
				SUPPORTED_PLATFORMS = "iphoneos iphonesimulator macosx";
				SWIFT_EMIT_LOC_STRINGS = YES;
				SWIFT_VERSION = 5.0;
				TARGETED_DEVICE_FAMILY = "1,2";
			};
			name = Debug;
		};
		3780BB932C6C205300BA683C /* Release */ = {
			isa = XCBuildConfiguration;
			buildSettings = {
				ASSETCATALOG_COMPILER_APPICON_NAME = AppIcon;
				ASSETCATALOG_COMPILER_GLOBAL_ACCENT_COLOR_NAME = AccentColor;
				CODE_SIGN_ENTITLEMENTS = D5/D5.entitlements;
				CODE_SIGN_STYLE = Automatic;
				CURRENT_PROJECT_VERSION = 1;
				DEVELOPMENT_ASSET_PATHS = "\"D5/Preview Content\"";
				DEVELOPMENT_TEAM = 99S33YCFRB;
				ENABLE_HARDENED_RUNTIME = YES;
				ENABLE_PREVIEWS = YES;
				GENERATE_INFOPLIST_FILE = YES;
				"INFOPLIST_KEY_UIApplicationSceneManifest_Generation[sdk=iphoneos*]" = YES;
				"INFOPLIST_KEY_UIApplicationSceneManifest_Generation[sdk=iphonesimulator*]" = YES;
				"INFOPLIST_KEY_UIApplicationSupportsIndirectInputEvents[sdk=iphoneos*]" = YES;
				"INFOPLIST_KEY_UIApplicationSupportsIndirectInputEvents[sdk=iphonesimulator*]" = YES;
				"INFOPLIST_KEY_UILaunchScreen_Generation[sdk=iphoneos*]" = YES;
				"INFOPLIST_KEY_UILaunchScreen_Generation[sdk=iphonesimulator*]" = YES;
				"INFOPLIST_KEY_UIStatusBarStyle[sdk=iphoneos*]" = UIStatusBarStyleDefault;
				"INFOPLIST_KEY_UIStatusBarStyle[sdk=iphonesimulator*]" = UIStatusBarStyleDefault;
				INFOPLIST_KEY_UISupportedInterfaceOrientations_iPad = "UIInterfaceOrientationPortrait UIInterfaceOrientationPortraitUpsideDown UIInterfaceOrientationLandscapeLeft UIInterfaceOrientationLandscapeRight";
				INFOPLIST_KEY_UISupportedInterfaceOrientations_iPhone = "UIInterfaceOrientationPortrait UIInterfaceOrientationLandscapeLeft UIInterfaceOrientationLandscapeRight";
				IPHONEOS_DEPLOYMENT_TARGET = 17.5;
				LD_RUNPATH_SEARCH_PATHS = "@executable_path/Frameworks";
				"LD_RUNPATH_SEARCH_PATHS[sdk=macosx*]" = "@executable_path/../Frameworks";
				MACOSX_DEPLOYMENT_TARGET = 14.5;
				MARKETING_VERSION = 1.0;
				PRODUCT_BUNDLE_IDENTIFIER = com.tnt.D5;
				PRODUCT_NAME = "$(TARGET_NAME)";
				SDKROOT = auto;
				SUPPORTED_PLATFORMS = "iphoneos iphonesimulator macosx";
				SWIFT_EMIT_LOC_STRINGS = YES;
				SWIFT_VERSION = 5.0;
				TARGETED_DEVICE_FAMILY = "1,2";
			};
			name = Release;
		};
		3780BB952C6C205300BA683C /* Debug */ = {
			isa = XCBuildConfiguration;
			buildSettings = {
				ALWAYS_EMBED_SWIFT_STANDARD_LIBRARIES = YES;
				BUNDLE_LOADER = "$(TEST_HOST)";
				CODE_SIGN_STYLE = Automatic;
				CURRENT_PROJECT_VERSION = 1;
				DEVELOPMENT_TEAM = 99S33YCFRB;
				GENERATE_INFOPLIST_FILE = YES;
				IPHONEOS_DEPLOYMENT_TARGET = 17.5;
				MACOSX_DEPLOYMENT_TARGET = 14.5;
				MARKETING_VERSION = 1.0;
				PRODUCT_BUNDLE_IDENTIFIER = com.tnt.D5Tests;
				PRODUCT_NAME = "$(TARGET_NAME)";
				SDKROOT = auto;
				SUPPORTED_PLATFORMS = "iphoneos iphonesimulator macosx";
				SWIFT_EMIT_LOC_STRINGS = NO;
				SWIFT_VERSION = 5.0;
				TARGETED_DEVICE_FAMILY = "1,2";
				TEST_HOST = "$(BUILT_PRODUCTS_DIR)/D5.app/$(BUNDLE_EXECUTABLE_FOLDER_PATH)/D5";
			};
			name = Debug;
		};
		3780BB962C6C205300BA683C /* Release */ = {
			isa = XCBuildConfiguration;
			buildSettings = {
				ALWAYS_EMBED_SWIFT_STANDARD_LIBRARIES = YES;
				BUNDLE_LOADER = "$(TEST_HOST)";
				CODE_SIGN_STYLE = Automatic;
				CURRENT_PROJECT_VERSION = 1;
				DEVELOPMENT_TEAM = 99S33YCFRB;
				GENERATE_INFOPLIST_FILE = YES;
				IPHONEOS_DEPLOYMENT_TARGET = 17.5;
				MACOSX_DEPLOYMENT_TARGET = 14.5;
				MARKETING_VERSION = 1.0;
				PRODUCT_BUNDLE_IDENTIFIER = com.tnt.D5Tests;
				PRODUCT_NAME = "$(TARGET_NAME)";
				SDKROOT = auto;
				SUPPORTED_PLATFORMS = "iphoneos iphonesimulator macosx";
				SWIFT_EMIT_LOC_STRINGS = NO;
				SWIFT_VERSION = 5.0;
				TARGETED_DEVICE_FAMILY = "1,2";
				TEST_HOST = "$(BUILT_PRODUCTS_DIR)/D5.app/$(BUNDLE_EXECUTABLE_FOLDER_PATH)/D5";
			};
			name = Release;
		};
		3780BB982C6C205300BA683C /* Debug */ = {
			isa = XCBuildConfiguration;
			buildSettings = {
				ALWAYS_EMBED_SWIFT_STANDARD_LIBRARIES = YES;
				CODE_SIGN_STYLE = Automatic;
				CURRENT_PROJECT_VERSION = 1;
				DEVELOPMENT_TEAM = 99S33YCFRB;
				GENERATE_INFOPLIST_FILE = YES;
				IPHONEOS_DEPLOYMENT_TARGET = 17.5;
				MACOSX_DEPLOYMENT_TARGET = 14.5;
				MARKETING_VERSION = 1.0;
				PRODUCT_BUNDLE_IDENTIFIER = com.tnt.D5UITests;
				PRODUCT_NAME = "$(TARGET_NAME)";
				SDKROOT = auto;
				SUPPORTED_PLATFORMS = "iphoneos iphonesimulator macosx";
				SWIFT_EMIT_LOC_STRINGS = NO;
				SWIFT_VERSION = 5.0;
				TARGETED_DEVICE_FAMILY = "1,2";
				TEST_TARGET_NAME = D5;
			};
			name = Debug;
		};
		3780BB992C6C205300BA683C /* Release */ = {
			isa = XCBuildConfiguration;
			buildSettings = {
				ALWAYS_EMBED_SWIFT_STANDARD_LIBRARIES = YES;
				CODE_SIGN_STYLE = Automatic;
				CURRENT_PROJECT_VERSION = 1;
				DEVELOPMENT_TEAM = 99S33YCFRB;
				GENERATE_INFOPLIST_FILE = YES;
				IPHONEOS_DEPLOYMENT_TARGET = 17.5;
				MACOSX_DEPLOYMENT_TARGET = 14.5;
				MARKETING_VERSION = 1.0;
				PRODUCT_BUNDLE_IDENTIFIER = com.tnt.D5UITests;
				PRODUCT_NAME = "$(TARGET_NAME)";
				SDKROOT = auto;
				SUPPORTED_PLATFORMS = "iphoneos iphonesimulator macosx";
				SWIFT_EMIT_LOC_STRINGS = NO;
				SWIFT_VERSION = 5.0;
				TARGETED_DEVICE_FAMILY = "1,2";
				TEST_TARGET_NAME = D5;
			};
			name = Release;
		};
/* End XCBuildConfiguration section */

/* Begin XCConfigurationList section */
		3780BB672C6C205100BA683C /* Build configuration list for PBXProject "D5" */ = {
			isa = XCConfigurationList;
			buildConfigurations = (
				3780BB8F2C6C205300BA683C /* Debug */,
				3780BB902C6C205300BA683C /* Release */,
			);
			defaultConfigurationIsVisible = 0;
			defaultConfigurationName = Release;
		};
		3780BB912C6C205300BA683C /* Build configuration list for PBXNativeTarget "D5" */ = {
			isa = XCConfigurationList;
			buildConfigurations = (
				3780BB922C6C205300BA683C /* Debug */,
				3780BB932C6C205300BA683C /* Release */,
			);
			defaultConfigurationIsVisible = 0;
			defaultConfigurationName = Release;
		};
		3780BB942C6C205300BA683C /* Build configuration list for PBXNativeTarget "D5Tests" */ = {
			isa = XCConfigurationList;
			buildConfigurations = (
				3780BB952C6C205300BA683C /* Debug */,
				3780BB962C6C205300BA683C /* Release */,
			);
			defaultConfigurationIsVisible = 0;
			defaultConfigurationName = Release;
		};
		3780BB972C6C205300BA683C /* Build configuration list for PBXNativeTarget "D5UITests" */ = {
			isa = XCConfigurationList;
			buildConfigurations = (
				3780BB982C6C205300BA683C /* Debug */,
				3780BB992C6C205300BA683C /* Release */,
			);
			defaultConfigurationIsVisible = 0;
			defaultConfigurationName = Release;
		};
/* End XCConfigurationList section */
	};
	rootObject = 3780BB642C6C205100BA683C /* Project object */;
}
